# This file was autogenerated by Stack.
# You should not edit this file by hand.
# For more information, please see the documentation at:
#   https://docs.haskellstack.org/en/stable/lock_files

packages: []
snapshots:
- completed:
    size: 520867
    url: https://raw.githubusercontent.com/commercialhaskell/stackage-snapshots/master/nightly/2020/8/14.yaml
    sha256: 55402c1524b249053913fd87d60062c7c0e816d353e3d842df4cc032432aa0d4
  original: nightly-2020-08-14
