# This file was autogenerated by Stack.
# You should not edit this file by hand.
# For more information, please see the documentation at:
#   https://docs.haskellstack.org/en/stable/lock_files

packages:
- completed:
    hackage: servant-flatten-0.2@sha256:276896f7c5cdec5b8f8493f6205fded0cc602d050b58fdb09a6d7c85c3bb0837,1234
    pantry-tree:
      size: 325
      sha256: 04f12c7bef2c3f9a25d94eb9489752ed498db8e243069fe95838dbb51df1dcb3
  original:
    hackage: servant-flatten-0.2
- completed:
    hackage: servant-server-0.18.2@sha256:56679af62ab8820a2108da6153d9ae9dde37199e62172365bdaea1458c3f7c2d,5482
    pantry-tree:
      size: 2614
      sha256: 3ac7430134439e4b67f0f5333f63b89d0cb7de5e2e07f0af7801c8e223942b9c
  original:
    hackage: servant-server-0.18.2@sha256:56679af62ab8820a2108da6153d9ae9dde37199e62172365bdaea1458c3f7c2d,5482
- completed:
    hackage: servant-0.18.2@sha256:f8c9f0e9891a3ada1337a3c0b369333a3b5a2d0909dd3cd09d79bc26adeaca44,5298
    pantry-tree:
      size: 2662
      sha256: e930e814de1aa4d24274bdf18341a50b7ed38604ae4734f730e09238ac5bf7e2
  original:
    hackage: servant-0.18.2@sha256:f8c9f0e9891a3ada1337a3c0b369333a3b5a2d0909dd3cd09d79bc26adeaca44,5298
- completed:
    hackage: servant-multipart-0.12@sha256:aa81dd0478270ade4a21b75611d5bc9cce8107df2e89c37b9964a3421629825d,2761
    pantry-tree:
      size: 386
      sha256: 51c4e9e8be3ee80689bb6df46aee484a4f434dbeb33f4379ed8d1741fe4631cd
  original:
    hackage: servant-multipart-0.12@sha256:aa81dd0478270ade4a21b75611d5bc9cce8107df2e89c37b9964a3421629825d,2761
- completed:
    hackage: servant-client-0.18.2@sha256:82578ade7468873259bb2fdc9d62290a0f998550900683e1410a237ed4b05410,4591
    pantry-tree:
      size: 1300
      sha256: 6324892c77bedbce32f0d6f1612fc2cb0d82c163d3be39efb951d3cc3792ce4a
  original:
    hackage: servant-client-0.18.2@sha256:82578ade7468873259bb2fdc9d62290a0f998550900683e1410a237ed4b05410,4591
- completed:
    hackage: servant-client-core-0.18.2@sha256:ad63ae0f227373fea7e547d4c2a7b0b69e112ff409a83cbadffc9f6ee049926f,3763
    pantry-tree:
      size: 1444
      sha256: 9e37bc5f8cbb70cf1accb20bd6f83fca4c2ca42472cd0fc4b22183c2c57cbe3b
  original:
    hackage: servant-client-core-0.18.2@sha256:ad63ae0f227373fea7e547d4c2a7b0b69e112ff409a83cbadffc9f6ee049926f,3763
- completed:
    hackage: servant-docs-0.11.8@sha256:1068303ebafa5df9ec936c727959c15b94f3569d52a5c250bb0693036391effc,3282
    pantry-tree:
      size: 702
      sha256: 1ebb15fda9e6aaeed4822545770d4fd7c521e22a13a0acbbf803b9f6b7ed07c9
  original:
    hackage: servant-docs-0.11.8@sha256:1068303ebafa5df9ec936c727959c15b94f3569d52a5c250bb0693036391effc,3282
- completed:
    hackage: servant-foreign-0.15.3@sha256:5c9230a470776bbf1e9f1126906c08ef090044db9e5bb530a9d8f1c96386ea55,2767
    pantry-tree:
      size: 590
      sha256: 4d78b1df6191cdab80466bcb7abe635533e1acebb2b433db2fff0d40fb323939
  original:
    hackage: servant-foreign-0.15.3@sha256:5c9230a470776bbf1e9f1126906c08ef090044db9e5bb530a9d8f1c96386ea55,2767
snapshots:
- completed:
    size: 520867
    url: https://raw.githubusercontent.com/commercialhaskell/stackage-snapshots/master/nightly/2020/8/14.yaml
    sha256: 55402c1524b249053913fd87d60062c7c0e816d353e3d842df4cc032432aa0d4
  original: nightly-2020-08-14
