# This file was autogenerated by Stack.
# You should not edit this file by hand.
# For more information, please see the documentation at:
#   https://docs.haskellstack.org/en/stable/lock_files

packages:
- completed:
    hackage: servant-flatten-0.2@sha256:276896f7c5cdec5b8f8493f6205fded0cc602d050b58fdb09a6d7c85c3bb0837,1234
    pantry-tree:
      size: 325
      sha256: 04f12c7bef2c3f9a25d94eb9489752ed498db8e243069fe95838dbb51df1dcb3
  original:
    hackage: servant-flatten-0.2
snapshots:
- completed:
    size: 554194
    url: https://raw.githubusercontent.com/commercialhaskell/stackage-snapshots/master/nightly/2020/11/23.yaml
    sha256: d4037ffda88f024e83ce3e466d7b612939024f2e5d4895f8af7b4ff96cd7ea68
  original: nightly-2020-11-23
